
Microsoft Visual Studio Solution File, Format Version 12.00
# Visual Studio 15
VisualStudioVersion = 15.0.25807.0
MinimumVisualStudioVersion = 10.0.40219.1
Project("{2150E333-8FDC-42A3-9474-1A3956D46DE8}") = "Engine", "Engine", "{E3A9B80D-42E1-48CE-A948-34F7358CD85D}"
EndProject
Project("{2150E333-8FDC-42A3-9474-1A3956D46DE8}") = "Games", "Games", "{15036D5F-7000-48E7-928B-4FCB4122BEA7}"
EndProject
Project("{8BC9CEB8-8B4A-11D0-8D11-00A0C91BC942}") = "UE4", "Intermediate\ProjectFiles\UE4.vcxproj", "{16F630DA-69C6-4285-9BC9-A447B6AAA079}"
EndProject
Project("{8BC9CEB8-8B4A-11D0-8D11-00A0C91BC942}") = "MultiSmackBros", "Intermediate\ProjectFiles\MultiSmackBros.vcxproj", "{FE72EC9F-BB93-4BD5-806C-1EB89C569AB6}"
EndProject
Global
	GlobalSection(SolutionConfigurationPlatforms) = preSolution
		DebugGame Editor|HTML5 = DebugGame Editor|HTML5
		DebugGame Editor|Win32 = DebugGame Editor|Win32
		DebugGame Editor|Win64 = DebugGame Editor|Win64
		DebugGame|HTML5 = DebugGame|HTML5
		DebugGame|Win32 = DebugGame|Win32
		DebugGame|Win64 = DebugGame|Win64
		Development Editor|HTML5 = Development Editor|HTML5
		Development Editor|Win32 = Development Editor|Win32
		Development Editor|Win64 = Development Editor|Win64
		Development|HTML5 = Development|HTML5
		Development|Win32 = Development|Win32
		Development|Win64 = Development|Win64
		Shipping|HTML5 = Shipping|HTML5
		Shipping|Win32 = Shipping|Win32
		Shipping|Win64 = Shipping|Win64
	EndGlobalSection
	GlobalSection(ProjectConfigurationPlatforms) = postSolution
		{16F630DA-69C6-4285-9BC9-A447B6AAA079}.DebugGame Editor|HTML5.ActiveCfg = BuiltWithUnrealBuildTool|Win32
		{16F630DA-69C6-4285-9BC9-A447B6AAA079}.DebugGame Editor|HTML5.Build.0 = BuiltWithUnrealBuildTool|Win32
		{16F630DA-69C6-4285-9BC9-A447B6AAA079}.DebugGame Editor|Win32.ActiveCfg = BuiltWithUnrealBuildTool|Win32
		{16F630DA-69C6-4285-9BC9-A447B6AAA079}.DebugGame Editor|Win32.Build.0 = BuiltWithUnrealBuildTool|Win32
		{16F630DA-69C6-4285-9BC9-A447B6AAA079}.DebugGame Editor|Win64.ActiveCfg = BuiltWithUnrealBuildTool|Win32
		{16F630DA-69C6-4285-9BC9-A447B6AAA079}.DebugGame Editor|Win64.Build.0 = BuiltWithUnrealBuildTool|Win32
		{16F630DA-69C6-4285-9BC9-A447B6AAA079}.DebugGame|HTML5.ActiveCfg = BuiltWithUnrealBuildTool|Win32
		{16F630DA-69C6-4285-9BC9-A447B6AAA079}.DebugGame|HTML5.Build.0 = BuiltWithUnrealBuildTool|Win32
		{16F630DA-69C6-4285-9BC9-A447B6AAA079}.DebugGame|Win32.ActiveCfg = BuiltWithUnrealBuildTool|Win32
		{16F630DA-69C6-4285-9BC9-A447B6AAA079}.DebugGame|Win32.Build.0 = BuiltWithUnrealBuildTool|Win32
		{16F630DA-69C6-4285-9BC9-A447B6AAA079}.DebugGame|Win64.ActiveCfg = BuiltWithUnrealBuildTool|Win32
		{16F630DA-69C6-4285-9BC9-A447B6AAA079}.DebugGame|Win64.Build.0 = BuiltWithUnrealBuildTool|Win32
		{16F630DA-69C6-4285-9BC9-A447B6AAA079}.Development Editor|HTML5.ActiveCfg = BuiltWithUnrealBuildTool|Win32
		{16F630DA-69C6-4285-9BC9-A447B6AAA079}.Development Editor|HTML5.Build.0 = BuiltWithUnrealBuildTool|Win32
		{16F630DA-69C6-4285-9BC9-A447B6AAA079}.Development Editor|Win32.ActiveCfg = BuiltWithUnrealBuildTool|Win32
		{16F630DA-69C6-4285-9BC9-A447B6AAA079}.Development Editor|Win32.Build.0 = BuiltWithUnrealBuildTool|Win32
		{16F630DA-69C6-4285-9BC9-A447B6AAA079}.Development Editor|Win64.ActiveCfg = BuiltWithUnrealBuildTool|Win32
		{16F630DA-69C6-4285-9BC9-A447B6AAA079}.Development Editor|Win64.Build.0 = BuiltWithUnrealBuildTool|Win32
		{16F630DA-69C6-4285-9BC9-A447B6AAA079}.Development|HTML5.ActiveCfg = BuiltWithUnrealBuildTool|Win32
		{16F630DA-69C6-4285-9BC9-A447B6AAA079}.Development|HTML5.Build.0 = BuiltWithUnrealBuildTool|Win32
		{16F630DA-69C6-4285-9BC9-A447B6AAA079}.Development|Win32.ActiveCfg = BuiltWithUnrealBuildTool|Win32
		{16F630DA-69C6-4285-9BC9-A447B6AAA079}.Development|Win32.Build.0 = BuiltWithUnrealBuildTool|Win32
		{16F630DA-69C6-4285-9BC9-A447B6AAA079}.Development|Win64.ActiveCfg = BuiltWithUnrealBuildTool|Win32
		{16F630DA-69C6-4285-9BC9-A447B6AAA079}.Development|Win64.Build.0 = BuiltWithUnrealBuildTool|Win32
		{16F630DA-69C6-4285-9BC9-A447B6AAA079}.Shipping|HTML5.ActiveCfg = BuiltWithUnrealBuildTool|Win32
		{16F630DA-69C6-4285-9BC9-A447B6AAA079}.Shipping|HTML5.Build.0 = BuiltWithUnrealBuildTool|Win32
		{16F630DA-69C6-4285-9BC9-A447B6AAA079}.Shipping|Win32.ActiveCfg = BuiltWithUnrealBuildTool|Win32
		{16F630DA-69C6-4285-9BC9-A447B6AAA079}.Shipping|Win32.Build.0 = BuiltWithUnrealBuildTool|Win32
		{16F630DA-69C6-4285-9BC9-A447B6AAA079}.Shipping|Win64.ActiveCfg = BuiltWithUnrealBuildTool|Win32
		{16F630DA-69C6-4285-9BC9-A447B6AAA079}.Shipping|Win64.Build.0 = BuiltWithUnrealBuildTool|Win32
		{FE72EC9F-BB93-4BD5-806C-1EB89C569AB6}.DebugGame Editor|HTML5.ActiveCfg = HTML5_DebugGame_Editor|Win32
		{FE72EC9F-BB93-4BD5-806C-1EB89C569AB6}.DebugGame Editor|Win32.ActiveCfg = DebugGame_Editor|Win32
		{FE72EC9F-BB93-4BD5-806C-1EB89C569AB6}.DebugGame Editor|Win64.ActiveCfg = DebugGame_Editor|x64
		{FE72EC9F-BB93-4BD5-806C-1EB89C569AB6}.DebugGame Editor|Win64.Build.0 = DebugGame_Editor|x64
		{FE72EC9F-BB93-4BD5-806C-1EB89C569AB6}.DebugGame|HTML5.ActiveCfg = HTML5_DebugGame_Game|Win32
		{FE72EC9F-BB93-4BD5-806C-1EB89C569AB6}.DebugGame|HTML5.Build.0 = HTML5_DebugGame_Game|Win32
		{FE72EC9F-BB93-4BD5-806C-1EB89C569AB6}.DebugGame|Win32.ActiveCfg = DebugGame_Game|Win32
		{FE72EC9F-BB93-4BD5-806C-1EB89C569AB6}.DebugGame|Win32.Build.0 = DebugGame_Game|Win32
		{FE72EC9F-BB93-4BD5-806C-1EB89C569AB6}.DebugGame|Win64.ActiveCfg = DebugGame_Game|x64
		{FE72EC9F-BB93-4BD5-806C-1EB89C569AB6}.DebugGame|Win64.Build.0 = DebugGame_Game|x64
		{FE72EC9F-BB93-4BD5-806C-1EB89C569AB6}.Development Editor|HTML5.ActiveCfg = HTML5_Development_Editor|Win32
		{FE72EC9F-BB93-4BD5-806C-1EB89C569AB6}.Development Editor|Win32.ActiveCfg = Development_Editor|Win32
		{FE72EC9F-BB93-4BD5-806C-1EB89C569AB6}.Development Editor|Win64.ActiveCfg = Development_Editor|x64
		{FE72EC9F-BB93-4BD5-806C-1EB89C569AB6}.Development Editor|Win64.Build.0 = Development_Editor|x64
		{FE72EC9F-BB93-4BD5-806C-1EB89C569AB6}.Development|HTML5.ActiveCfg = HTML5_Development_Game|Win32
		{FE72EC9F-BB93-4BD5-806C-1EB89C569AB6}.Development|HTML5.Build.0 = HTML5_Development_Game|Win32
		{FE72EC9F-BB93-4BD5-806C-1EB89C569AB6}.Development|Win32.ActiveCfg = Development_Game|Win32
		{FE72EC9F-BB93-4BD5-806C-1EB89C569AB6}.Development|Win32.Build.0 = Development_Game|Win32
		{FE72EC9F-BB93-4BD5-806C-1EB89C569AB6}.Development|Win64.ActiveCfg = Development_Game|x64
		{FE72EC9F-BB93-4BD5-806C-1EB89C569AB6}.Development|Win64.Build.0 = Development_Game|x64
		{FE72EC9F-BB93-4BD5-806C-1EB89C569AB6}.Shipping|HTML5.ActiveCfg = HTML5_Shipping_Game|Win32
		{FE72EC9F-BB93-4BD5-806C-1EB89C569AB6}.Shipping|HTML5.Build.0 = HTML5_Shipping_Game|Win32
		{FE72EC9F-BB93-4BD5-806C-1EB89C569AB6}.Shipping|Win32.ActiveCfg = Shipping_Game|Win32
		{FE72EC9F-BB93-4BD5-806C-1EB89C569AB6}.Shipping|Win32.Build.0 = Shipping_Game|Win32
		{FE72EC9F-BB93-4BD5-806C-1EB89C569AB6}.Shipping|Win64.ActiveCfg = Shipping_Game|x64
		{FE72EC9F-BB93-4BD5-806C-1EB89C569AB6}.Shipping|Win64.Build.0 = Shipping_Game|x64
	EndGlobalSection
	GlobalSection(SolutionProperties) = preSolution
		HideSolutionNode = FALSE
	EndGlobalSection
	GlobalSection(NestedProjects) = preSolution
		{16F630DA-69C6-4285-9BC9-A447B6AAA079} = {E3A9B80D-42E1-48CE-A948-34F7358CD85D}
		{FE72EC9F-BB93-4BD5-806C-1EB89C569AB6} = {15036D5F-7000-48E7-928B-4FCB4122BEA7}
	EndGlobalSection
	GlobalSection(ExtensibilityGlobals) = postSolution
		SolutionGuid = {1514141F-1234-46E0-ADB7-6668D6A5FCBF}
	EndGlobalSection
EndGlobal
